
Microsoft Visual Studio Solution File, Format Version 12.00
# Visual Studio Version 16
VisualStudioVersion = 16.0.31025.194
MinimumVisualStudioVersion = 10.0.40219.1
Project("{FAE04EC0-301F-11D3-BF4B-00C04F79EFBC}") = "PatientDataAnalyzer", "PatientDataAnalyzer\PatientDataAnalyzer.csproj", "{CA9A7B8A-BDC8-4D07-8AFD-A51CF918A642}"
EndProject
Global
	GlobalSection(SolutionConfigurationPlatforms) = preSolution
		Debug|Any CPU = Debug|Any CPU
		Release|Any CPU = Release|Any CPU
	EndGlobalSection
	GlobalSection(ProjectConfigurationPlatforms) = postSolution
		{CA9A7B8A-BDC8-4D07-8AFD-A51CF918A642}.Debug|Any CPU.ActiveCfg = Debug|Any CPU
		{CA9A7B8A-BDC8-4D07-8AFD-A51CF918A642}.Debug|Any CPU.Build.0 = Debug|Any CPU
		{CA9A7B8A-BDC8-4D07-8AFD-A51CF918A642}.Release|Any CPU.ActiveCfg = Release|Any CPU
		{CA9A7B8A-BDC8-4D07-8AFD-A51CF918A642}.Release|Any CPU.Build.0 = Release|Any CPU
	EndGlobalSection
	GlobalSection(SolutionProperties) = preSolution
		HideSolutionNode = FALSE
	EndGlobalSection
	GlobalSection(ExtensibilityGlobals) = postSolution
		SolutionGuid = {8CA744F3-47A6-431B-80C1-B4174185D9A6}
	EndGlobalSection
EndGlobal
